
Microsoft Visual Studio Solution File, Format Version 12.00
# Visual Studio Version 17
VisualStudioVersion = 17.6.33801.468
MinimumVisualStudioVersion = 10.0.40219.1
Project("{FAE04EC0-301F-11D3-BF4B-00C04F79EFBC}") = "AspCoreMongoSample", "AspCoreMongoSample\AspCoreMongoSample.csproj", "{B54B238C-BE47-4A61-A9A7-20009A2E39EA}"
EndProject
Global
	GlobalSection(SolutionConfigurationPlatforms) = preSolution
		Debug|Any CPU = Debug|Any CPU
		Release|Any CPU = Release|Any CPU
	EndGlobalSection
	GlobalSection(ProjectConfigurationPlatforms) = postSolution
		{B54B238C-BE47-4A61-A9A7-20009A2E39EA}.Debug|Any CPU.ActiveCfg = Debug|Any CPU
		{B54B238C-BE47-4A61-A9A7-20009A2E39EA}.Debug|Any CPU.Build.0 = Debug|Any CPU
		{B54B238C-BE47-4A61-A9A7-20009A2E39EA}.Release|Any CPU.ActiveCfg = Release|Any CPU
		{B54B238C-BE47-4A61-A9A7-20009A2E39EA}.Release|Any CPU.Build.0 = Release|Any CPU
	EndGlobalSection
	GlobalSection(SolutionProperties) = preSolution
		HideSolutionNode = FALSE
	EndGlobalSection
	GlobalSection(ExtensibilityGlobals) = postSolution
		SolutionGuid = {629E124E-BD24-4499-B62C-37C1E3B1D7AF}
	EndGlobalSection
EndGlobal
